
Microsoft Visual Studio Solution File, Format Version 12.00
# Visual Studio 15
VisualStudioVersion = 15.0.27703.2026
MinimumVisualStudioVersion = 10.0.40219.1
Project("{FAE04EC0-301F-11D3-BF4B-00C04F79EFBC}") = "NoStop.MODEL", "NoStop.MODEL\NoStop.MODEL.csproj", "{3FFFC9D7-73CB-4B1E-9ECE-4684A55FA96C}"
EndProject
Project("{FAE04EC0-301F-11D3-BF4B-00C04F79EFBC}") = "NoStop.VIEW", "NoStop.VIEW\NoStop.VIEW.csproj", "{2091395B-C5DE-46B8-ADD5-E138C849D7EA}"
EndProject
Global
	GlobalSection(SolutionConfigurationPlatforms) = preSolution
		Debug|Any CPU = Debug|Any CPU
		Release|Any CPU = Release|Any CPU
	EndGlobalSection
	GlobalSection(ProjectConfigurationPlatforms) = postSolution
		{3FFFC9D7-73CB-4B1E-9ECE-4684A55FA96C}.Debug|Any CPU.ActiveCfg = Debug|Any CPU
		{3FFFC9D7-73CB-4B1E-9ECE-4684A55FA96C}.Debug|Any CPU.Build.0 = Debug|Any CPU
		{3FFFC9D7-73CB-4B1E-9ECE-4684A55FA96C}.Release|Any CPU.ActiveCfg = Release|Any CPU
		{3FFFC9D7-73CB-4B1E-9ECE-4684A55FA96C}.Release|Any CPU.Build.0 = Release|Any CPU
		{2091395B-C5DE-46B8-ADD5-E138C849D7EA}.Debug|Any CPU.ActiveCfg = Debug|Any CPU
		{2091395B-C5DE-46B8-ADD5-E138C849D7EA}.Debug|Any CPU.Build.0 = Debug|Any CPU
		{2091395B-C5DE-46B8-ADD5-E138C849D7EA}.Release|Any CPU.ActiveCfg = Release|Any CPU
		{2091395B-C5DE-46B8-ADD5-E138C849D7EA}.Release|Any CPU.Build.0 = Release|Any CPU
	EndGlobalSection
	GlobalSection(SolutionProperties) = preSolution
		HideSolutionNode = FALSE
	EndGlobalSection
	GlobalSection(ExtensibilityGlobals) = postSolution
		SolutionGuid = {E7AA1E6B-0D22-47DA-9113-4439FB2DC862}
	EndGlobalSection
EndGlobal
